// !$*UTF8*$!
{
	archiveVersion = 1;
	classes = {
	};
	objectVersion = 46;
	objects = {

/* Begin PBXBuildFile section */
		1DDD58160DA1D0A300B32029 /* MainMenu.xib in Resources */ = {isa = PBXBuildFile; fileRef = 1DDD58140DA1D0A300B32029 /* MainMenu.xib */; };
		433DF78D129421DA006C9BCB /* GZEFormatAlert.m in Sources */ = {isa = PBXBuildFile; fileRef = 433DF78C129421DA006C9BCB /* GZEFormatAlert.m */; };
		433DF7B21294261A006C9BCB /* GZEFormatBadge.m in Sources */ = {isa = PBXBuildFile; fileRef = 433DF7B11294261A006C9BCB /* GZEFormatBadge.m */; };
		433DF7B512942629006C9BCB /* GZEFormatSound.m in Sources */ = {isa = PBXBuildFile; fileRef = 433DF7B412942629006C9BCB /* GZEFormatSound.m */; };
		433DF7B81294263F006C9BCB /* GZEFormatNotificationID.m in Sources */ = {isa = PBXBuildFile; fileRef = 433DF7B71294263F006C9BCB /* GZEFormatNotificationID.m */; };
		43601C271292DF3000D73245 /* GZEApplication.m in Sources */ = {isa = PBXBuildFile; fileRef = 43601C251292DF3000D73245 /* GZEApplication.m */; };
		43601C281292DF3000D73245 /* Main.m in Sources */ = {isa = PBXBuildFile; fileRef = 43601C261292DF3000D73245 /* Main.m */; };
		43601C361292E0AA00D73245 /* Icon.icns in Resources */ = {isa = PBXBuildFile; fileRef = 43601C351292E0AA00D73245 /* Icon.icns */; };
		439DF1C91294972000D7B1F2 /* LICENCE in Resources */ = {isa = PBXBuildFile; fileRef = 439DF1C81294972000D7B1F2 /* LICENCE */; };
		43A563F01292E33800E59383 /* AsyncSocket.m in Sources */ = {isa = PBXBuildFile; fileRef = 43A563ED1292E33800E59383 /* AsyncSocket.m */; };
		43A564261292E66F00E59383 /* Security.framework in Frameworks */ = {isa = PBXBuildFile; fileRef = 43A564251292E66F00E59383 /* Security.framework */; };
		43A565FF1292FB5F00E59383 /* Defaults.plist in Resources */ = {isa = PBXBuildFile; fileRef = 43A565FE1292FB5F00E59383 /* Defaults.plist */; };
		43C2A06D1294095E005FD20D /* Play.png in Resources */ = {isa = PBXBuildFile; fileRef = 43C2A06B1294095E005FD20D /* Play.png */; };
		43C2A06E1294095E005FD20D /* Stop.png in Resources */ = {isa = PBXBuildFile; fileRef = 43C2A06C1294095E005FD20D /* Stop.png */; };
		43D4269412932D100042C41C /* GZECertificate.m in Sources */ = {isa = PBXBuildFile; fileRef = 43D4269312932D100042C41C /* GZECertificate.m */; };
		43E00C44129495890080AA07 /* README in Resources */ = {isa = PBXBuildFile; fileRef = 43E00C43129495890080AA07 /* README */; };
		8D11072B0486CEB800E47090 /* InfoPlist.strings in Resources */ = {isa = PBXBuildFile; fileRef = 089C165CFE840E0CC02AAC07 /* InfoPlist.strings */; };
		8D11072F0486CEB800E47090 /* Cocoa.framework in Frameworks */ = {isa = PBXBuildFile; fileRef = 1058C7A1FEA54F0111CA2CBB /* Cocoa.framework */; };
/* End PBXBuildFile section */

/* Begin PBXFileReference section */
		089C165DFE840E0CC02AAC07 /* InfoPlist.strings */ = {isa = PBXFileReference; fileEncoding = 4; lastKnownFileType = text.plist.strings; name = InfoPlist.strings; path = ../../English.lproj/InfoPlist.strings; sourceTree = "<group>"; };
		1058C7A1FEA54F0111CA2CBB /* Cocoa.framework */ = {isa = PBXFileReference; lastKnownFileType = wrapper.framework; name = Cocoa.framework; path = /System/Library/Frameworks/Cocoa.framework; sourceTree = "<absolute>"; };
		13E42FB307B3F0F600E4EEF1 /* CoreData.framework */ = {isa = PBXFileReference; lastKnownFileType = wrapper.framework; name = CoreData.framework; path = /System/Library/Frameworks/CoreData.framework; sourceTree = "<absolute>"; };
		1DDD58150DA1D0A300B32029 /* MainMenu.xib */ = {isa = PBXFileReference; lastKnownFileType = file.xib; name = MainMenu.xib; path = ../English.lproj/MainMenu.xib; sourceTree = "<group>"; };
		29B97324FDCFA39411CA2CEA /* AppKit.framework */ = {isa = PBXFileReference; lastKnownFileType = wrapper.framework; name = AppKit.framework; path = /System/Library/Frameworks/AppKit.framework; sourceTree = "<absolute>"; };
		29B97325FDCFA39411CA2CEA /* Foundation.framework */ = {isa = PBXFileReference; lastKnownFileType = wrapper.framework; name = Foundation.framework; path = /System/Library/Frameworks/Foundation.framework; sourceTree = "<absolute>"; };
		433DF78B129421DA006C9BCB /* GZEFormatAlert.h */ = {isa = PBXFileReference; fileEncoding = 4; lastKnownFileType = sourcecode.c.h; path = GZEFormatAlert.h; sourceTree = "<group>"; };
		433DF78C129421DA006C9BCB /* GZEFormatAlert.m */ = {isa = PBXFileReference; fileEncoding = 4; lastKnownFileType = sourcecode.c.objc; path = GZEFormatAlert.m; sourceTree = "<group>"; };
		433DF7B01294261A006C9BCB /* GZEFormatBadge.h */ = {isa = PBXFileReference; fileEncoding = 4; lastKnownFileType = sourcecode.c.h; path = GZEFormatBadge.h; sourceTree = "<group>"; };
		433DF7B11294261A006C9BCB /* GZEFormatBadge.m */ = {isa = PBXFileReference; fileEncoding = 4; lastKnownFileType = sourcecode.c.objc; path = GZEFormatBadge.m; sourceTree = "<group>"; };
		433DF7B312942629006C9BCB /* GZEFormatSound.h */ = {isa = PBXFileReference; fileEncoding = 4; lastKnownFileType = sourcecode.c.h; path = GZEFormatSound.h; sourceTree = "<group>"; };
		433DF7B412942629006C9BCB /* GZEFormatSound.m */ = {isa = PBXFileReference; fileEncoding = 4; lastKnownFileType = sourcecode.c.objc; path = GZEFormatSound.m; sourceTree = "<group>"; };
		433DF7B61294263F006C9BCB /* GZEFormatNotificationID.h */ = {isa = PBXFileReference; fileEncoding = 4; lastKnownFileType = sourcecode.c.h; path = GZEFormatNotificationID.h; sourceTree = "<group>"; };
		433DF7B71294263F006C9BCB /* GZEFormatNotificationID.m */ = {isa = PBXFileReference; fileEncoding = 4; lastKnownFileType = sourcecode.c.objc; path = GZEFormatNotificationID.m; sourceTree = "<group>"; };
		43601C231292DF3000D73245 /* Prefix.pch */ = {isa = PBXFileReference; fileEncoding = 4; lastKnownFileType = sourcecode.c.h; path = Prefix.pch; sourceTree = "<group>"; };
		43601C241292DF3000D73245 /* GZEApplication.h */ = {isa = PBXFileReference; fileEncoding = 4; lastKnownFileType = sourcecode.c.h; path = GZEApplication.h; sourceTree = "<group>"; };
		43601C251292DF3000D73245 /* GZEApplication.m */ = {isa = PBXFileReference; fileEncoding = 4; lastKnownFileType = sourcecode.c.objc; path = GZEApplication.m; sourceTree = "<group>"; };
		43601C261292DF3000D73245 /* Main.m */ = {isa = PBXFileReference; fileEncoding = 4; lastKnownFileType = sourcecode.c.objc; path = Main.m; sourceTree = "<group>"; };
		43601C351292E0AA00D73245 /* Icon.icns */ = {isa = PBXFileReference; lastKnownFileType = image.icns; path = Icon.icns; sourceTree = "<group>"; };
		439DF1C81294972000D7B1F2 /* LICENCE */ = {isa = PBXFileReference; fileEncoding = 4; lastKnownFileType = text; path = LICENCE; sourceTree = "<group>"; };
		43A563EC1292E33800E59383 /* AsyncSocket.h */ = {isa = PBXFileReference; fileEncoding = 4; lastKnownFileType = sourcecode.c.h; path = AsyncSocket.h; sourceTree = "<group>"; };
		43A563ED1292E33800E59383 /* AsyncSocket.m */ = {isa = PBXFileReference; fileEncoding = 4; lastKnownFileType = sourcecode.c.objc; path = AsyncSocket.m; sourceTree = "<group>"; };
		43A564251292E66F00E59383 /* Security.framework */ = {isa = PBXFileReference; lastKnownFileType = wrapper.framework; name = Security.framework; path = System/Library/Frameworks/Security.framework; sourceTree = SDKROOT; };
		43A565FE1292FB5F00E59383 /* Defaults.plist */ = {isa = PBXFileReference; fileEncoding = 4; lastKnownFileType = text.plist.xml; path = Defaults.plist; sourceTree = "<group>"; };
		43C2A06B1294095E005FD20D /* Play.png */ = {isa = PBXFileReference; lastKnownFileType = image.png; path = Play.png; sourceTree = "<group>"; };
		43C2A06C1294095E005FD20D /* Stop.png */ = {isa = PBXFileReference; lastKnownFileType = image.png; path = Stop.png; sourceTree = "<group>"; };
		43D4269212932D100042C41C /* GZECertificate.h */ = {isa = PBXFileReference; fileEncoding = 4; lastKnownFileType = sourcecode.c.h; path = GZECertificate.h; sourceTree = "<group>"; };
		43D4269312932D100042C41C /* GZECertificate.m */ = {isa = PBXFileReference; fileEncoding = 4; lastKnownFileType = sourcecode.c.objc; path = GZECertificate.m; sourceTree = "<group>"; };
		43E00C43129495890080AA07 /* README */ = {isa = PBXFileReference; fileEncoding = 4; lastKnownFileType = text; path = README; sourceTree = "<group>"; };
		8D1107310486CEB800E47090 /* Info.plist */ = {isa = PBXFileReference; fileEncoding = 4; lastKnownFileType = text.plist.xml; path = Info.plist; sourceTree = "<group>"; };
		8D1107320486CEB800E47090 /* Apple Push Notification Test.app */ = {isa = PBXFileReference; explicitFileType = wrapper.application; includeInIndex = 0; path = "Apple Push Notification Test.app"; sourceTree = BUILT_PRODUCTS_DIR; };
/* End PBXFileReference section */

/* Begin PBXFrameworksBuildPhase section */
		8D11072E0486CEB800E47090 /* Frameworks */ = {
			isa = PBXFrameworksBuildPhase;
			buildActionMask = 2147483647;
			files = (
				8D11072F0486CEB800E47090 /* Cocoa.framework in Frameworks */,
				43A564261292E66F00E59383 /* Security.framework in Frameworks */,
			);
			runOnlyForDeploymentPostprocessing = 0;
		};
/* End PBXFrameworksBuildPhase section */

/* Begin PBXGroup section */
		1058C7A0FEA54F0111CA2CBB /* Linked Frameworks */ = {
			isa = PBXGroup;
			children = (
				1058C7A1FEA54F0111CA2CBB /* Cocoa.framework */,
				43A564251292E66F00E59383 /* Security.framework */,
			);
			name = "Linked Frameworks";
			sourceTree = "<group>";
		};
		1058C7A2FEA54F0111CA2CBB /* Other Frameworks */ = {
			isa = PBXGroup;
			children = (
				29B97324FDCFA39411CA2CEA /* AppKit.framework */,
				13E42FB307B3F0F600E4EEF1 /* CoreData.framework */,
				29B97325FDCFA39411CA2CEA /* Foundation.framework */,
			);
			name = "Other Frameworks";
			sourceTree = "<group>";
		};
		19C28FACFE9D520D11CA2CBB /* Products */ = {
			isa = PBXGroup;
			children = (
				8D1107320486CEB800E47090 /* Apple Push Notification Test.app */,
			);
			name = Products;
			sourceTree = "<group>";
		};
		29B97314FDCFA39411CA2CEA /* APNSTest */ = {
			isa = PBXGroup;
			children = (
				43E00C42129495770080AA07 /* README */,
				43601C221292DF3000D73245 /* Sources */,
				29B97317FDCFA39411CA2CEA /* Resources */,
				29B97323FDCFA39411CA2CEA /* Frameworks */,
				19C28FACFE9D520D11CA2CBB /* Products */,
			);
			name = APNSTest;
			sourceTree = "<group>";
		};
		29B97317FDCFA39411CA2CEA /* Resources */ = {
			isa = PBXGroup;
			children = (
				43601C2A1292DF5000D73245 /* Info */,
				43601C2B1292DF6500D73245 /* Localized */,
				43A565FD1292FB4200E59383 /* Defaults */,
				43601C321292E03200D73245 /* Application */,
				43601C331292E03200D73245 /* Graphics */,
			);
			path = Resources;
			sourceTree = "<group>";
		};
		29B97323FDCFA39411CA2CEA /* Frameworks */ = {
			isa = PBXGroup;
			children = (
				1058C7A0FEA54F0111CA2CBB /* Linked Frameworks */,
				1058C7A2FEA54F0111CA2CBB /* Other Frameworks */,
			);
			name = Frameworks;
			sourceTree = "<group>";
		};
		43601C221292DF3000D73245 /* Sources */ = {
			isa = PBXGroup;
			children = (
				43A563E91292E31B00E59383 /* Socket */,
				43601C291292DF3400D73245 /* Common */,
				43E9FDDA1295229800E83D81 /* Formatters */,
				43601C341292E03C00D73245 /* Application */,
			);
			path = Sources;
			sourceTree = "<group>";
		};
		43601C291292DF3400D73245 /* Common */ = {
			isa = PBXGroup;
			children = (
				43601C231292DF3000D73245 /* Prefix.pch */,
				43601C261292DF3000D73245 /* Main.m */,
			);
			name = Common;
			sourceTree = "<group>";
		};
		43601C2A1292DF5000D73245 /* Info */ = {
			isa = PBXGroup;
			children = (
				8D1107310486CEB800E47090 /* Info.plist */,
				089C165CFE840E0CC02AAC07 /* InfoPlist.strings */,
			);
			path = Info;
			sourceTree = "<group>";
		};
		43601C2B1292DF6500D73245 /* Localized */ = {
			isa = PBXGroup;
			children = (
				1DDD58140DA1D0A300B32029 /* MainMenu.xib */,
			);
			name = Localized;
			sourceTree = "<group>";
		};
		43601C321292E03200D73245 /* Application */ = {
			isa = PBXGroup;
			children = (
				43601C351292E0AA00D73245 /* Icon.icns */,
			);
			path = Application;
			sourceTree = "<group>";
		};
		43601C331292E03200D73245 /* Graphics */ = {
			isa = PBXGroup;
			children = (
				43C2A06B1294095E005FD20D /* Play.png */,
				43C2A06C1294095E005FD20D /* Stop.png */,
			);
			path = Graphics;
			sourceTree = "<group>";
		};
		43601C341292E03C00D73245 /* Application */ = {
			isa = PBXGroup;
			children = (
				43D4269212932D100042C41C /* GZECertificate.h */,
				43D4269312932D100042C41C /* GZECertificate.m */,
				43601C241292DF3000D73245 /* GZEApplication.h */,
				43601C251292DF3000D73245 /* GZEApplication.m */,
			);
			name = Application;
			sourceTree = "<group>";
		};
		43A563E91292E31B00E59383 /* Socket */ = {
			isa = PBXGroup;
			children = (
				43A563EC1292E33800E59383 /* AsyncSocket.h */,
				43A563ED1292E33800E59383 /* AsyncSocket.m */,
			);
			name = Socket;
			sourceTree = "<group>";
		};
		43A565FD1292FB4200E59383 /* Defaults */ = {
			isa = PBXGroup;
			children = (
				43A565FE1292FB5F00E59383 /* Defaults.plist */,
			);
			path = Defaults;
			sourceTree = "<group>";
		};
		43E00C42129495770080AA07 /* README */ = {
			isa = PBXGroup;
			children = (
				439DF1C81294972000D7B1F2 /* LICENCE */,
				43E00C43129495890080AA07 /* README */,
			);
			name = README;
			sourceTree = "<group>";
		};
		43E9FDDA1295229800E83D81 /* Formatters */ = {
			isa = PBXGroup;
			children = (
				433DF7B61294263F006C9BCB /* GZEFormatNotificationID.h */,
				433DF7B71294263F006C9BCB /* GZEFormatNotificationID.m */,
				433DF78B129421DA006C9BCB /* GZEFormatAlert.h */,
				433DF78C129421DA006C9BCB /* GZEFormatAlert.m */,
				433DF7B01294261A006C9BCB /* GZEFormatBadge.h */,
				433DF7B11294261A006C9BCB /* GZEFormatBadge.m */,
				433DF7B312942629006C9BCB /* GZEFormatSound.h */,
				433DF7B412942629006C9BCB /* GZEFormatSound.m */,
			);
			name = Formatters;
			sourceTree = "<group>";
		};
/* End PBXGroup section */

/* Begin PBXNativeTarget section */
		8D1107260486CEB800E47090 /* APNSTest */ = {
			isa = PBXNativeTarget;
			buildConfigurationList = C01FCF4A08A954540054247B /* Build configuration list for PBXNativeTarget "APNSTest" */;
			buildPhases = (
				8D1107290486CEB800E47090 /* Resources */,
				8D11072C0486CEB800E47090 /* Sources */,
				8D11072E0486CEB800E47090 /* Frameworks */,
			);
			buildRules = (
			);
			dependencies = (
			);
			name = APNSTest;
			productInstallPath = "$(HOME)/Applications";
			productName = APNSTest;
			productReference = 8D1107320486CEB800E47090 /* Apple Push Notification Test.app */;
			productType = "com.apple.product-type.application";
		};
/* End PBXNativeTarget section */

/* Begin PBXProject section */
		29B97313FDCFA39411CA2CEA /* Project object */ = {
			isa = PBXProject;
			attributes = {
				LastUpgradeCheck = 0460;
			};
			buildConfigurationList = C01FCF4E08A954540054247B /* Build configuration list for PBXProject "APNSTest" */;
			compatibilityVersion = "Xcode 3.2";
			developmentRegion = English;
			hasScannedForEncodings = 1;
			knownRegions = (
				English,
				Japanese,
				French,
				German,
			);
			mainGroup = 29B97314FDCFA39411CA2CEA /* APNSTest */;
			projectDirPath = "";
			projectRoot = "";
			targets = (
				8D1107260486CEB800E47090 /* APNSTest */,
			);
		};
/* End PBXProject section */

/* Begin PBXResourcesBuildPhase section */
		8D1107290486CEB800E47090 /* Resources */ = {
			isa = PBXResourcesBuildPhase;
			buildActionMask = 2147483647;
			files = (
				8D11072B0486CEB800E47090 /* InfoPlist.strings in Resources */,
				1DDD58160DA1D0A300B32029 /* MainMenu.xib in Resources */,
				43601C361292E0AA00D73245 /* Icon.icns in Resources */,
				43A565FF1292FB5F00E59383 /* Defaults.plist in Resources */,
				43C2A06D1294095E005FD20D /* Play.png in Resources */,
				43C2A06E1294095E005FD20D /* Stop.png in Resources */,
				43E00C44129495890080AA07 /* README in Resources */,
				439DF1C91294972000D7B1F2 /* LICENCE in Resources */,
			);
			runOnlyForDeploymentPostprocessing = 0;
		};
/* End PBXResourcesBuildPhase section */

/* Begin PBXSourcesBuildPhase section */
		8D11072C0486CEB800E47090 /* Sources */ = {
			isa = PBXSourcesBuildPhase;
			buildActionMask = 2147483647;
			files = (
				43601C271292DF3000D73245 /* GZEApplication.m in Sources */,
				43601C281292DF3000D73245 /* Main.m in Sources */,
				43A563F01292E33800E59383 /* AsyncSocket.m in Sources */,
				43D4269412932D100042C41C /* GZECertificate.m in Sources */,
				433DF78D129421DA006C9BCB /* GZEFormatAlert.m in Sources */,
				433DF7B21294261A006C9BCB /* GZEFormatBadge.m in Sources */,
				433DF7B512942629006C9BCB /* GZEFormatSound.m in Sources */,
				433DF7B81294263F006C9BCB /* GZEFormatNotificationID.m in Sources */,
			);
			runOnlyForDeploymentPostprocessing = 0;
		};
/* End PBXSourcesBuildPhase section */

/* Begin PBXVariantGroup section */
		089C165CFE840E0CC02AAC07 /* InfoPlist.strings */ = {
			isa = PBXVariantGroup;
			children = (
				089C165DFE840E0CC02AAC07 /* InfoPlist.strings */,
			);
			name = InfoPlist.strings;
			sourceTree = "<group>";
		};
		1DDD58140DA1D0A300B32029 /* MainMenu.xib */ = {
			isa = PBXVariantGroup;
			children = (
				1DDD58150DA1D0A300B32029 /* MainMenu.xib */,
			);
			name = MainMenu.xib;
			sourceTree = "<group>";
		};
/* End PBXVariantGroup section */

/* Begin XCBuildConfiguration section */
		C01FCF4B08A954540054247B /* Debug */ = {
			isa = XCBuildConfiguration;
			buildSettings = {
				ALWAYS_SEARCH_USER_PATHS = NO;
				COMBINE_HIDPI_IMAGES = YES;
				COPY_PHASE_STRIP = NO;
				GCC_DYNAMIC_NO_PIC = NO;
				GCC_MODEL_TUNING = G5;
				GCC_OPTIMIZATION_LEVEL = 0;
				GCC_PRECOMPILE_PREFIX_HEADER = YES;
				GCC_PREFIX_HEADER = Sources/Prefix.pch;
				INFOPLIST_FILE = Resources/Info/Info.plist;
				INSTALL_PATH = "$(HOME)/Applications";
				PRODUCT_NAME = "Apple Push Notification Test";
			};
			name = Debug;
		};
		C01FCF4C08A954540054247B /* Release */ = {
			isa = XCBuildConfiguration;
			buildSettings = {
				ALWAYS_SEARCH_USER_PATHS = NO;
				COMBINE_HIDPI_IMAGES = YES;
				DEBUG_INFORMATION_FORMAT = "dwarf-with-dsym";
				GCC_MODEL_TUNING = G5;
				GCC_PRECOMPILE_PREFIX_HEADER = YES;
				GCC_PREFIX_HEADER = Sources/Prefix.pch;
				INFOPLIST_FILE = Resources/Info/Info.plist;
				INSTALL_PATH = "$(HOME)/Applications";
				PRODUCT_NAME = "Apple Push Notification Test";
			};
			name = Release;
		};
		C01FCF4F08A954540054247B /* Debug */ = {
			isa = XCBuildConfiguration;
			buildSettings = {
				ARCHS = "$(ARCHS_STANDARD_32_64_BIT)";
				GCC_C_LANGUAGE_STANDARD = gnu99;
				GCC_OPTIMIZATION_LEVEL = 0;
				GCC_WARN_ABOUT_RETURN_TYPE = YES;
				GCC_WARN_UNUSED_VARIABLE = YES;
				ONLY_ACTIVE_ARCH = YES;
				SDKROOT = macosx;
			};
			name = Debug;
		};
		C01FCF5008A954540054247B /* Release */ = {
			isa = XCBuildConfiguration;
			buildSettings = {
				ARCHS = "$(ARCHS_STANDARD_32_64_BIT)";
				GCC_C_LANGUAGE_STANDARD = gnu99;
				GCC_WARN_ABOUT_RETURN_TYPE = YES;
				GCC_WARN_UNUSED_VARIABLE = YES;
				SDKROOT = macosx;
			};
			name = Release;
		};
/* End XCBuildConfiguration section */

/* Begin XCConfigurationList section */
		C01FCF4A08A954540054247B /* Build configuration list for PBXNativeTarget "APNSTest" */ = {
			isa = XCConfigurationList;
			buildConfigurations = (
				C01FCF4B08A954540054247B /* Debug */,
				C01FCF4C08A954540054247B /* Release */,
			);
			defaultConfigurationIsVisible = 0;
			defaultConfigurationName = Release;
		};
		C01FCF4E08A954540054247B /* Build configuration list for PBXProject "APNSTest" */ = {
			isa = XCConfigurationList;
			buildConfigurations = (
				C01FCF4F08A954540054247B /* Debug */,
				C01FCF5008A954540054247B /* Release */,
			);
			defaultConfigurationIsVisible = 0;
			defaultConfigurationName = Release;
		};
/* End XCConfigurationList section */
	};
	rootObject = 29B97313FDCFA39411CA2CEA /* Project object */;
}
